
Microsoft Visual Studio Solution File, Format Version 12.00
# Visual Studio 15
VisualStudioVersion = 15.0.27004.2005
MinimumVisualStudioVersion = 10.0.40219.1
Project("{FAE04EC0-301F-11D3-BF4B-00C04F79EFBC}") = "PRAclient", "PRAclient\PRAclient.csproj", "{F777951B-F96D-4CE4-BA65-033D8F46217E}"
EndProject
Global
	GlobalSection(SolutionConfigurationPlatforms) = preSolution
		Debug|Any CPU = Debug|Any CPU
		Release|Any CPU = Release|Any CPU
	EndGlobalSection
	GlobalSection(ProjectConfigurationPlatforms) = postSolution
		{F777951B-F96D-4CE4-BA65-033D8F46217E}.Debug|Any CPU.ActiveCfg = Debug|Any CPU
		{F777951B-F96D-4CE4-BA65-033D8F46217E}.Debug|Any CPU.Build.0 = Debug|Any CPU
		{F777951B-F96D-4CE4-BA65-033D8F46217E}.Release|Any CPU.ActiveCfg = Release|Any CPU
		{F777951B-F96D-4CE4-BA65-033D8F46217E}.Release|Any CPU.Build.0 = Release|Any CPU
	EndGlobalSection
	GlobalSection(SolutionProperties) = preSolution
		HideSolutionNode = FALSE
	EndGlobalSection
	GlobalSection(ExtensibilityGlobals) = postSolution
		SolutionGuid = {4BBA9953-D14D-4690-9387-8F113772D17A}
	EndGlobalSection
EndGlobal
